
Microsoft Visual Studio Solution File, Format Version 12.00
# Visual Studio 15
VisualStudioVersion = 15.0.28307.852
MinimumVisualStudioVersion = 10.0.40219.1
Project("{FAE04EC0-301F-11D3-BF4B-00C04F79EFBC}") = "BFBC2Toolkit", "BFBC2Toolkit\BFBC2Toolkit.csproj", "{BA979951-A8E7-4000-A681-12CE16685B5C}"
EndProject
Project("{FAE04EC0-301F-11D3-BF4B-00C04F79EFBC}") = "BFBC2ModLoader", "BFBC2ModLoader\BFBC2ModLoader.csproj", "{A029EB10-D673-44A9-9D69-BB7D7F280945}"
EndProject
Project("{FAE04EC0-301F-11D3-BF4B-00C04F79EFBC}") = "BFBC2Shared", "BFBC2Shared\BFBC2Shared.csproj", "{67FEC8B4-5EE0-47DB-A269-E9D4072C6DFD}"
EndProject
Global
	GlobalSection(SolutionConfigurationPlatforms) = preSolution
		Debug|Any CPU = Debug|Any CPU
		Debug|x86 = Debug|x86
		Release|Any CPU = Release|Any CPU
		Release|x86 = Release|x86
	EndGlobalSection
	GlobalSection(ProjectConfigurationPlatforms) = postSolution
		{BA979951-A8E7-4000-A681-12CE16685B5C}.Debug|Any CPU.ActiveCfg = Debug|Any CPU
		{BA979951-A8E7-4000-A681-12CE16685B5C}.Debug|Any CPU.Build.0 = Debug|Any CPU
		{BA979951-A8E7-4000-A681-12CE16685B5C}.Debug|x86.ActiveCfg = Debug|Any CPU
		{BA979951-A8E7-4000-A681-12CE16685B5C}.Debug|x86.Build.0 = Debug|Any CPU
		{BA979951-A8E7-4000-A681-12CE16685B5C}.Release|Any CPU.ActiveCfg = Release|Any CPU
		{BA979951-A8E7-4000-A681-12CE16685B5C}.Release|Any CPU.Build.0 = Release|Any CPU
		{BA979951-A8E7-4000-A681-12CE16685B5C}.Release|x86.ActiveCfg = Release|x86
		{BA979951-A8E7-4000-A681-12CE16685B5C}.Release|x86.Build.0 = Release|x86
		{A029EB10-D673-44A9-9D69-BB7D7F280945}.Debug|Any CPU.ActiveCfg = Debug|Any CPU
		{A029EB10-D673-44A9-9D69-BB7D7F280945}.Debug|Any CPU.Build.0 = Debug|Any CPU
		{A029EB10-D673-44A9-9D69-BB7D7F280945}.Debug|x86.ActiveCfg = Debug|Any CPU
		{A029EB10-D673-44A9-9D69-BB7D7F280945}.Debug|x86.Build.0 = Debug|Any CPU
		{A029EB10-D673-44A9-9D69-BB7D7F280945}.Release|Any CPU.ActiveCfg = Release|Any CPU
		{A029EB10-D673-44A9-9D69-BB7D7F280945}.Release|Any CPU.Build.0 = Release|Any CPU
		{A029EB10-D673-44A9-9D69-BB7D7F280945}.Release|x86.ActiveCfg = Release|Any CPU
		{A029EB10-D673-44A9-9D69-BB7D7F280945}.Release|x86.Build.0 = Release|Any CPU
		{67FEC8B4-5EE0-47DB-A269-E9D4072C6DFD}.Debug|Any CPU.ActiveCfg = Debug|Any CPU
		{67FEC8B4-5EE0-47DB-A269-E9D4072C6DFD}.Debug|Any CPU.Build.0 = Debug|Any CPU
		{67FEC8B4-5EE0-47DB-A269-E9D4072C6DFD}.Debug|x86.ActiveCfg = Debug|Any CPU
		{67FEC8B4-5EE0-47DB-A269-E9D4072C6DFD}.Debug|x86.Build.0 = Debug|Any CPU
		{67FEC8B4-5EE0-47DB-A269-E9D4072C6DFD}.Release|Any CPU.ActiveCfg = Release|Any CPU
		{67FEC8B4-5EE0-47DB-A269-E9D4072C6DFD}.Release|Any CPU.Build.0 = Release|Any CPU
		{67FEC8B4-5EE0-47DB-A269-E9D4072C6DFD}.Release|x86.ActiveCfg = Release|Any CPU
		{67FEC8B4-5EE0-47DB-A269-E9D4072C6DFD}.Release|x86.Build.0 = Release|Any CPU
	EndGlobalSection
	GlobalSection(SolutionProperties) = preSolution
		HideSolutionNode = FALSE
	EndGlobalSection
	GlobalSection(ExtensibilityGlobals) = postSolution
		SolutionGuid = {0FEE62DF-D770-4620-93BD-3E0ED09878E7}
	EndGlobalSection
EndGlobal
